
Microsoft Visual Studio Solution File, Format Version 12.00
# Visual Studio Version 17
VisualStudioVersion = 17.9.34723.18
MinimumVisualStudioVersion = 10.0.40219.1
Project("{FAE04EC0-301F-11D3-BF4B-00C04F79EFBC}") = "KJBConseil.WordPubliposting", "KJBConseil.WordPubliposting.csproj", "{8A03E0C4-7DFE-43C4-969B-722F14033470}"
EndProject
Global
	GlobalSection(SolutionConfigurationPlatforms) = preSolution
		Debug|Any CPU = Debug|Any CPU
		Release|Any CPU = Release|Any CPU
	EndGlobalSection
	GlobalSection(ProjectConfigurationPlatforms) = postSolution
		{8A03E0C4-7DFE-43C4-969B-722F14033470}.Debug|Any CPU.ActiveCfg = Debug|Any CPU
		{8A03E0C4-7DFE-43C4-969B-722F14033470}.Debug|Any CPU.Build.0 = Debug|Any CPU
		{8A03E0C4-7DFE-43C4-969B-722F14033470}.Release|Any CPU.ActiveCfg = Release|Any CPU
		{8A03E0C4-7DFE-43C4-969B-722F14033470}.Release|Any CPU.Build.0 = Release|Any CPU
	EndGlobalSection
	GlobalSection(SolutionProperties) = preSolution
		HideSolutionNode = FALSE
	EndGlobalSection
	GlobalSection(ExtensibilityGlobals) = postSolution
		SolutionGuid = {BC9EE9E2-3C70-4801-9821-056F538FC7F9}
	EndGlobalSection
EndGlobal
